
Microsoft Visual Studio Solution File, Format Version 12.00
# Visual Studio Version 17
VisualStudioVersion = 17.0.32014.148
MinimumVisualStudioVersion = 10.0.40219.1
Project("{FAE04EC0-301F-11D3-BF4B-00C04F79EFBC}") = "CaliberMissing", "CaliberMissing.csproj", "{EB3F24E2-0FB9-4713-AD60-EFB33BEABDAC}"
EndProject
Global
	GlobalSection(SolutionConfigurationPlatforms) = preSolution
		Debug|Any CPU = Debug|Any CPU
		Release|Any CPU = Release|Any CPU
	EndGlobalSection
	GlobalSection(ProjectConfigurationPlatforms) = postSolution
		{EB3F24E2-0FB9-4713-AD60-EFB33BEABDAC}.Debug|Any CPU.ActiveCfg = Debug|Any CPU
		{EB3F24E2-0FB9-4713-AD60-EFB33BEABDAC}.Debug|Any CPU.Build.0 = Debug|Any CPU
		{EB3F24E2-0FB9-4713-AD60-EFB33BEABDAC}.Release|Any CPU.ActiveCfg = Release|Any CPU
		{EB3F24E2-0FB9-4713-AD60-EFB33BEABDAC}.Release|Any CPU.Build.0 = Release|Any CPU
	EndGlobalSection
	GlobalSection(SolutionProperties) = preSolution
		HideSolutionNode = FALSE
	EndGlobalSection
	GlobalSection(ExtensibilityGlobals) = postSolution
		SolutionGuid = {B3C18D63-7975-47DE-AE22-FAB1195E2AE8}
	EndGlobalSection
EndGlobal
